// !$*UTF8*$!
{
	archiveVersion = 1;
	classes = {
	};
	objectVersion = 55;
	objects = {

/* Begin PBXBuildFile section */
		062D4D6A85709807952435D3 /* Pods_ItuneSearchDemo_ItuneSearchDemoUITests.framework in Frameworks */ = {isa = PBXBuildFile; fileRef = 53A273F99D69D53EF6998107 /* Pods_ItuneSearchDemo_ItuneSearchDemoUITests.framework */; };
		6A199AF78A9DC0DA5FCCE36A /* Pods_ItuneSearchDemo.framework in Frameworks */ = {isa = PBXBuildFile; fileRef = C1FAF8BE0785D1CD3300C391 /* Pods_ItuneSearchDemo.framework */; };
		AB79FE056E39DBDAC3518B55 /* Pods_ItuneSearchDemoTests.framework in Frameworks */ = {isa = PBXBuildFile; fileRef = B5C0C6D60FB3C205620B99C7 /* Pods_ItuneSearchDemoTests.framework */; };
		CDA386062AF35DB500CC4A6A /* Country.swift in Sources */ = {isa = PBXBuildFile; fileRef = CDA386052AF35DB500CC4A6A /* Country.swift */; };
		CDA386082AF35DCA00CC4A6A /* MediaType.swift in Sources */ = {isa = PBXBuildFile; fileRef = CDA386072AF35DCA00CC4A6A /* MediaType.swift */; };
		CDA3860A2AF4DBC200CC4A6A /* ItemListViewController.swift in Sources */ = {isa = PBXBuildFile; fileRef = CDA386092AF4DBC200CC4A6A /* ItemListViewController.swift */; };
		CDA3860C2AF61CB700CC4A6A /* FavouriteListViewModel.swift in Sources */ = {isa = PBXBuildFile; fileRef = CDA3860B2AF61CB700CC4A6A /* FavouriteListViewModel.swift */; };
		CDA3860E2AF61D8C00CC4A6A /* StorageService.swift in Sources */ = {isa = PBXBuildFile; fileRef = CDA3860D2AF61D8C00CC4A6A /* StorageService.swift */; };
		CDA386102AF8A4B900CC4A6A /* Language.swift in Sources */ = {isa = PBXBuildFile; fileRef = CDA3860F2AF8A4B900CC4A6A /* Language.swift */; };
		CDA386132AF8A8D200CC4A6A /* Localizable.strings in Resources */ = {isa = PBXBuildFile; fileRef = CDA386152AF8A8D200CC4A6A /* Localizable.strings */; };
		CDA386192AF8A9B000CC4A6A /* String+Extensions.swift in Sources */ = {isa = PBXBuildFile; fileRef = CDA386182AF8A9B000CC4A6A /* String+Extensions.swift */; };
		CDA3861B2AF8B20200CC4A6A /* LanguageManager.swift in Sources */ = {isa = PBXBuildFile; fileRef = CDA3861A2AF8B20200CC4A6A /* LanguageManager.swift */; };
		CDE927302AE26BC3008D142D /* AppDelegate.swift in Sources */ = {isa = PBXBuildFile; fileRef = CDE9272F2AE26BC3008D142D /* AppDelegate.swift */; };
		CDE927372AE26BC3008D142D /* Main.storyboard in Resources */ = {isa = PBXBuildFile; fileRef = CDE927352AE26BC3008D142D /* Main.storyboard */; };
		CDE9273A2AE26BC3008D142D /* ItuneSearchDemo.xcdatamodeld in Sources */ = {isa = PBXBuildFile; fileRef = CDE927382AE26BC3008D142D /* ItuneSearchDemo.xcdatamodeld */; };
		CDE9273C2AE26BC4008D142D /* Assets.xcassets in Resources */ = {isa = PBXBuildFile; fileRef = CDE9273B2AE26BC4008D142D /* Assets.xcassets */; };
		CDE9273F2AE26BC4008D142D /* LaunchScreen.storyboard in Resources */ = {isa = PBXBuildFile; fileRef = CDE9273D2AE26BC4008D142D /* LaunchScreen.storyboard */; };
		CDE9274A2AE26BC4008D142D /* ItuneSearchDemoTests.swift in Sources */ = {isa = PBXBuildFile; fileRef = CDE927492AE26BC4008D142D /* ItuneSearchDemoTests.swift */; };
		CDE927542AE26BC4008D142D /* ItuneSearchDemoUITests.swift in Sources */ = {isa = PBXBuildFile; fileRef = CDE927532AE26BC4008D142D /* ItuneSearchDemoUITests.swift */; };
		CDE927562AE26BC4008D142D /* ItuneSearchDemoUITestsLaunchTests.swift in Sources */ = {isa = PBXBuildFile; fileRef = CDE927552AE26BC4008D142D /* ItuneSearchDemoUITestsLaunchTests.swift */; };
		CDE927692AE26EF7008D142D /* RootViewController.swift in Sources */ = {isa = PBXBuildFile; fileRef = CDE927682AE26EF7008D142D /* RootViewController.swift */; };
		CDE9276B2AE26F4E008D142D /* Observable.swift in Sources */ = {isa = PBXBuildFile; fileRef = CDE9276A2AE26F4E008D142D /* Observable.swift */; };
		CDE927702AE27BF3008D142D /* SearchListViewController.swift in Sources */ = {isa = PBXBuildFile; fileRef = CDE9276F2AE27BF3008D142D /* SearchListViewController.swift */; };
		CDE927722AE27E82008D142D /* FavouriteListViewController.swift in Sources */ = {isa = PBXBuildFile; fileRef = CDE927712AE27E82008D142D /* FavouriteListViewController.swift */; };
		CDE927742AE27F5B008D142D /* SearchListViewModel.swift in Sources */ = {isa = PBXBuildFile; fileRef = CDE927732AE27F5B008D142D /* SearchListViewModel.swift */; };
		CDE927762AE284EE008D142D /* SettingViewController.swift in Sources */ = {isa = PBXBuildFile; fileRef = CDE927752AE284EE008D142D /* SettingViewController.swift */; };
		CDE927782AE28C42008D142D /* TrackService.swift in Sources */ = {isa = PBXBuildFile; fileRef = CDE927772AE28C42008D142D /* TrackService.swift */; };
		CDE9277A2AE28C4E008D142D /* TrackResponse.swift in Sources */ = {isa = PBXBuildFile; fileRef = CDE927792AE28C4E008D142D /* TrackResponse.swift */; };
		CDE9277C2AE28CED008D142D /* Track.swift in Sources */ = {isa = PBXBuildFile; fileRef = CDE9277B2AE28CED008D142D /* Track.swift */; };
		CDE927802AE2906D008D142D /* URLSession+Extensions.swift in Sources */ = {isa = PBXBuildFile; fileRef = CDE9277F2AE2906D008D142D /* URLSession+Extensions.swift */; };
		CDE927822AE2908A008D142D /* URLSessionDataTask+Extensions.swift in Sources */ = {isa = PBXBuildFile; fileRef = CDE927812AE2908A008D142D /* URLSessionDataTask+Extensions.swift */; };
		CDE927842AE290C0008D142D /* UITableViewCell+Extensions.swift in Sources */ = {isa = PBXBuildFile; fileRef = CDE927832AE290C0008D142D /* UITableViewCell+Extensions.swift */; };
		CDE927862AE292DE008D142D /* APIError.swift in Sources */ = {isa = PBXBuildFile; fileRef = CDE927852AE292DE008D142D /* APIError.swift */; };
		CDE927882AE29757008D142D /* UITableView+Extensions.swift in Sources */ = {isa = PBXBuildFile; fileRef = CDE927872AE29757008D142D /* UITableView+Extensions.swift */; };
		CDE9278B2AE297EB008D142D /* TrackTableViewCell.swift in Sources */ = {isa = PBXBuildFile; fileRef = CDE9278A2AE297EB008D142D /* TrackTableViewCell.swift */; };
/* End PBXBuildFile section */

/* Begin PBXContainerItemProxy section */
		CDE927462AE26BC4008D142D /* PBXContainerItemProxy */ = {
			isa = PBXContainerItemProxy;
			containerPortal = CDE927242AE26BC3008D142D /* Project object */;
			proxyType = 1;
			remoteGlobalIDString = CDE9272B2AE26BC3008D142D;
			remoteInfo = ItuneSearchDemo;
		};
		CDE927502AE26BC4008D142D /* PBXContainerItemProxy */ = {
			isa = PBXContainerItemProxy;
			containerPortal = CDE927242AE26BC3008D142D /* Project object */;
			proxyType = 1;
			remoteGlobalIDString = CDE9272B2AE26BC3008D142D;
			remoteInfo = ItuneSearchDemo;
		};
/* End PBXContainerItemProxy section */

/* Begin PBXFileReference section */
		53A273F99D69D53EF6998107 /* Pods_ItuneSearchDemo_ItuneSearchDemoUITests.framework */ = {isa = PBXFileReference; explicitFileType = wrapper.framework; includeInIndex = 0; path = Pods_ItuneSearchDemo_ItuneSearchDemoUITests.framework; sourceTree = BUILT_PRODUCTS_DIR; };
		780E974C7F9347C09829A258 /* Pods-ItuneSearchDemo.release.xcconfig */ = {isa = PBXFileReference; includeInIndex = 1; lastKnownFileType = text.xcconfig; name = "Pods-ItuneSearchDemo.release.xcconfig"; path = "Target Support Files/Pods-ItuneSearchDemo/Pods-ItuneSearchDemo.release.xcconfig"; sourceTree = "<group>"; };
		7E7D9662F23B406134641347 /* Pods-ItuneSearchDemo-ItuneSearchDemoUITests.debug.xcconfig */ = {isa = PBXFileReference; includeInIndex = 1; lastKnownFileType = text.xcconfig; name = "Pods-ItuneSearchDemo-ItuneSearchDemoUITests.debug.xcconfig"; path = "Target Support Files/Pods-ItuneSearchDemo-ItuneSearchDemoUITests/Pods-ItuneSearchDemo-ItuneSearchDemoUITests.debug.xcconfig"; sourceTree = "<group>"; };
		9099766EE6E79ACE223C35F6 /* Pods-ItuneSearchDemo-ItuneSearchDemoUITests.release.xcconfig */ = {isa = PBXFileReference; includeInIndex = 1; lastKnownFileType = text.xcconfig; name = "Pods-ItuneSearchDemo-ItuneSearchDemoUITests.release.xcconfig"; path = "Target Support Files/Pods-ItuneSearchDemo-ItuneSearchDemoUITests/Pods-ItuneSearchDemo-ItuneSearchDemoUITests.release.xcconfig"; sourceTree = "<group>"; };
		98F247793A65CB8F8FC54D6F /* Pods-ItuneSearchDemoTests.debug.xcconfig */ = {isa = PBXFileReference; includeInIndex = 1; lastKnownFileType = text.xcconfig; name = "Pods-ItuneSearchDemoTests.debug.xcconfig"; path = "Target Support Files/Pods-ItuneSearchDemoTests/Pods-ItuneSearchDemoTests.debug.xcconfig"; sourceTree = "<group>"; };
		A82BE30328A1AB9F282B0D38 /* Pods-ItuneSearchDemoTests.release.xcconfig */ = {isa = PBXFileReference; includeInIndex = 1; lastKnownFileType = text.xcconfig; name = "Pods-ItuneSearchDemoTests.release.xcconfig"; path = "Target Support Files/Pods-ItuneSearchDemoTests/Pods-ItuneSearchDemoTests.release.xcconfig"; sourceTree = "<group>"; };
		B5C0C6D60FB3C205620B99C7 /* Pods_ItuneSearchDemoTests.framework */ = {isa = PBXFileReference; explicitFileType = wrapper.framework; includeInIndex = 0; path = Pods_ItuneSearchDemoTests.framework; sourceTree = BUILT_PRODUCTS_DIR; };
		C1FAF8BE0785D1CD3300C391 /* Pods_ItuneSearchDemo.framework */ = {isa = PBXFileReference; explicitFileType = wrapper.framework; includeInIndex = 0; path = Pods_ItuneSearchDemo.framework; sourceTree = BUILT_PRODUCTS_DIR; };
		CDA386052AF35DB500CC4A6A /* Country.swift */ = {isa = PBXFileReference; lastKnownFileType = sourcecode.swift; path = Country.swift; sourceTree = "<group>"; };
		CDA386072AF35DCA00CC4A6A /* MediaType.swift */ = {isa = PBXFileReference; lastKnownFileType = sourcecode.swift; path = MediaType.swift; sourceTree = "<group>"; };
		CDA386092AF4DBC200CC4A6A /* ItemListViewController.swift */ = {isa = PBXFileReference; lastKnownFileType = sourcecode.swift; path = ItemListViewController.swift; sourceTree = "<group>"; };
		CDA3860B2AF61CB700CC4A6A /* FavouriteListViewModel.swift */ = {isa = PBXFileReference; lastKnownFileType = sourcecode.swift; path = FavouriteListViewModel.swift; sourceTree = "<group>"; };
		CDA3860D2AF61D8C00CC4A6A /* StorageService.swift */ = {isa = PBXFileReference; lastKnownFileType = sourcecode.swift; path = StorageService.swift; sourceTree = "<group>"; };
		CDA3860F2AF8A4B900CC4A6A /* Language.swift */ = {isa = PBXFileReference; lastKnownFileType = sourcecode.swift; path = Language.swift; sourceTree = "<group>"; };
		CDA386142AF8A8D200CC4A6A /* en */ = {isa = PBXFileReference; lastKnownFileType = text.plist.strings; name = en; path = en.lproj/Localizable.strings; sourceTree = "<group>"; };
		CDA386162AF8A90500CC4A6A /* zh-Hant */ = {isa = PBXFileReference; lastKnownFileType = text.plist.strings; name = "zh-Hant"; path = "zh-Hant.lproj/Localizable.strings"; sourceTree = "<group>"; };
		CDA386172AF8A90E00CC4A6A /* zh-Hans */ = {isa = PBXFileReference; lastKnownFileType = text.plist.strings; name = "zh-Hans"; path = "zh-Hans.lproj/Localizable.strings"; sourceTree = "<group>"; };
		CDA386182AF8A9B000CC4A6A /* String+Extensions.swift */ = {isa = PBXFileReference; lastKnownFileType = sourcecode.swift; path = "String+Extensions.swift"; sourceTree = "<group>"; };
		CDA3861A2AF8B20200CC4A6A /* LanguageManager.swift */ = {isa = PBXFileReference; lastKnownFileType = sourcecode.swift; path = LanguageManager.swift; sourceTree = "<group>"; };
		CDE9272C2AE26BC3008D142D /* ItuneSearchDemo.app */ = {isa = PBXFileReference; explicitFileType = wrapper.application; includeInIndex = 0; path = ItuneSearchDemo.app; sourceTree = BUILT_PRODUCTS_DIR; };
		CDE9272F2AE26BC3008D142D /* AppDelegate.swift */ = {isa = PBXFileReference; lastKnownFileType = sourcecode.swift; path = AppDelegate.swift; sourceTree = "<group>"; };
		CDE927362AE26BC3008D142D /* Base */ = {isa = PBXFileReference; lastKnownFileType = file.storyboard; name = Base; path = Base.lproj/Main.storyboard; sourceTree = "<group>"; };
		CDE927392AE26BC3008D142D /* ItuneSearchDemo.xcdatamodel */ = {isa = PBXFileReference; lastKnownFileType = wrapper.xcdatamodel; path = ItuneSearchDemo.xcdatamodel; sourceTree = "<group>"; };
		CDE9273B2AE26BC4008D142D /* Assets.xcassets */ = {isa = PBXFileReference; lastKnownFileType = folder.assetcatalog; path = Assets.xcassets; sourceTree = "<group>"; };
		CDE9273E2AE26BC4008D142D /* Base */ = {isa = PBXFileReference; lastKnownFileType = file.storyboard; name = Base; path = Base.lproj/LaunchScreen.storyboard; sourceTree = "<group>"; };
		CDE927402AE26BC4008D142D /* Info.plist */ = {isa = PBXFileReference; lastKnownFileType = text.plist.xml; path = Info.plist; sourceTree = "<group>"; };
		CDE927452AE26BC4008D142D /* ItuneSearchDemoTests.xctest */ = {isa = PBXFileReference; explicitFileType = wrapper.cfbundle; includeInIndex = 0; path = ItuneSearchDemoTests.xctest; sourceTree = BUILT_PRODUCTS_DIR; };
		CDE927492AE26BC4008D142D /* ItuneSearchDemoTests.swift */ = {isa = PBXFileReference; lastKnownFileType = sourcecode.swift; path = ItuneSearchDemoTests.swift; sourceTree = "<group>"; };
		CDE9274F2AE26BC4008D142D /* ItuneSearchDemoUITests.xctest */ = {isa = PBXFileReference; explicitFileType = wrapper.cfbundle; includeInIndex = 0; path = ItuneSearchDemoUITests.xctest; sourceTree = BUILT_PRODUCTS_DIR; };
		CDE927532AE26BC4008D142D /* ItuneSearchDemoUITests.swift */ = {isa = PBXFileReference; lastKnownFileType = sourcecode.swift; path = ItuneSearchDemoUITests.swift; sourceTree = "<group>"; };
		CDE927552AE26BC4008D142D /* ItuneSearchDemoUITestsLaunchTests.swift */ = {isa = PBXFileReference; lastKnownFileType = sourcecode.swift; path = ItuneSearchDemoUITestsLaunchTests.swift; sourceTree = "<group>"; };
		CDE927682AE26EF7008D142D /* RootViewController.swift */ = {isa = PBXFileReference; lastKnownFileType = sourcecode.swift; path = RootViewController.swift; sourceTree = "<group>"; };
		CDE9276A2AE26F4E008D142D /* Observable.swift */ = {isa = PBXFileReference; lastKnownFileType = sourcecode.swift; path = Observable.swift; sourceTree = "<group>"; };
		CDE9276F2AE27BF3008D142D /* SearchListViewController.swift */ = {isa = PBXFileReference; lastKnownFileType = sourcecode.swift; path = SearchListViewController.swift; sourceTree = "<group>"; };
		CDE927712AE27E82008D142D /* FavouriteListViewController.swift */ = {isa = PBXFileReference; lastKnownFileType = sourcecode.swift; path = FavouriteListViewController.swift; sourceTree = "<group>"; };
		CDE927732AE27F5B008D142D /* SearchListViewModel.swift */ = {isa = PBXFileReference; lastKnownFileType = sourcecode.swift; path = SearchListViewModel.swift; sourceTree = "<group>"; };
		CDE927752AE284EE008D142D /* SettingViewController.swift */ = {isa = PBXFileReference; lastKnownFileType = sourcecode.swift; path = SettingViewController.swift; sourceTree = "<group>"; };
		CDE927772AE28C42008D142D /* TrackService.swift */ = {isa = PBXFileReference; lastKnownFileType = sourcecode.swift; path = TrackService.swift; sourceTree = "<group>"; };
		CDE927792AE28C4E008D142D /* TrackResponse.swift */ = {isa = PBXFileReference; lastKnownFileType = sourcecode.swift; path = TrackResponse.swift; sourceTree = "<group>"; };
		CDE9277B2AE28CED008D142D /* Track.swift */ = {isa = PBXFileReference; lastKnownFileType = sourcecode.swift; path = Track.swift; sourceTree = "<group>"; };
		CDE9277F2AE2906D008D142D /* URLSession+Extensions.swift */ = {isa = PBXFileReference; lastKnownFileType = sourcecode.swift; path = "URLSession+Extensions.swift"; sourceTree = "<group>"; };
		CDE927812AE2908A008D142D /* URLSessionDataTask+Extensions.swift */ = {isa = PBXFileReference; lastKnownFileType = sourcecode.swift; path = "URLSessionDataTask+Extensions.swift"; sourceTree = "<group>"; };
		CDE927832AE290C0008D142D /* UITableViewCell+Extensions.swift */ = {isa = PBXFileReference; lastKnownFileType = sourcecode.swift; path = "UITableViewCell+Extensions.swift"; sourceTree = "<group>"; };
		CDE927852AE292DE008D142D /* APIError.swift */ = {isa = PBXFileReference; lastKnownFileType = sourcecode.swift; path = APIError.swift; sourceTree = "<group>"; };
		CDE927872AE29757008D142D /* UITableView+Extensions.swift */ = {isa = PBXFileReference; lastKnownFileType = sourcecode.swift; path = "UITableView+Extensions.swift"; sourceTree = "<group>"; };
		CDE9278A2AE297EB008D142D /* TrackTableViewCell.swift */ = {isa = PBXFileReference; lastKnownFileType = sourcecode.swift; path = TrackTableViewCell.swift; sourceTree = "<group>"; };
		EBF82AB89545DC9FF866EBC5 /* Pods-ItuneSearchDemo.debug.xcconfig */ = {isa = PBXFileReference; includeInIndex = 1; lastKnownFileType = text.xcconfig; name = "Pods-ItuneSearchDemo.debug.xcconfig"; path = "Target Support Files/Pods-ItuneSearchDemo/Pods-ItuneSearchDemo.debug.xcconfig"; sourceTree = "<group>"; };
/* End PBXFileReference section */

/* Begin PBXFrameworksBuildPhase section */
		CDE927292AE26BC3008D142D /* Frameworks */ = {
			isa = PBXFrameworksBuildPhase;
			buildActionMask = 2147483647;
			files = (
				6A199AF78A9DC0DA5FCCE36A /* Pods_ItuneSearchDemo.framework in Frameworks */,
			);
			runOnlyForDeploymentPostprocessing = 0;
		};
		CDE927422AE26BC4008D142D /* Frameworks */ = {
			isa = PBXFrameworksBuildPhase;
			buildActionMask = 2147483647;
			files = (
				AB79FE056E39DBDAC3518B55 /* Pods_ItuneSearchDemoTests.framework in Frameworks */,
			);
			runOnlyForDeploymentPostprocessing = 0;
		};
		CDE9274C2AE26BC4008D142D /* Frameworks */ = {
			isa = PBXFrameworksBuildPhase;
			buildActionMask = 2147483647;
			files = (
				062D4D6A85709807952435D3 /* Pods_ItuneSearchDemo_ItuneSearchDemoUITests.framework in Frameworks */,
			);
			runOnlyForDeploymentPostprocessing = 0;
		};
/* End PBXFrameworksBuildPhase section */

/* Begin PBXGroup section */
		38A1DFE5EAB69C2E87C092D8 /* Pods */ = {
			isa = PBXGroup;
			children = (
				EBF82AB89545DC9FF866EBC5 /* Pods-ItuneSearchDemo.debug.xcconfig */,
				780E974C7F9347C09829A258 /* Pods-ItuneSearchDemo.release.xcconfig */,
				7E7D9662F23B406134641347 /* Pods-ItuneSearchDemo-ItuneSearchDemoUITests.debug.xcconfig */,
				9099766EE6E79ACE223C35F6 /* Pods-ItuneSearchDemo-ItuneSearchDemoUITests.release.xcconfig */,
				98F247793A65CB8F8FC54D6F /* Pods-ItuneSearchDemoTests.debug.xcconfig */,
				A82BE30328A1AB9F282B0D38 /* Pods-ItuneSearchDemoTests.release.xcconfig */,
			);
			path = Pods;
			sourceTree = "<group>";
		};
		6FB6FEF99F1FE8129BF2F60D /* Frameworks */ = {
			isa = PBXGroup;
			children = (
				C1FAF8BE0785D1CD3300C391 /* Pods_ItuneSearchDemo.framework */,
				53A273F99D69D53EF6998107 /* Pods_ItuneSearchDemo_ItuneSearchDemoUITests.framework */,
				B5C0C6D60FB3C205620B99C7 /* Pods_ItuneSearchDemoTests.framework */,
			);
			name = Frameworks;
			sourceTree = "<group>";
		};
		CDE927232AE26BC3008D142D = {
			isa = PBXGroup;
			children = (
				CDE9272E2AE26BC3008D142D /* ItuneSearchDemo */,
				CDE927482AE26BC4008D142D /* ItuneSearchDemoTests */,
				CDE927522AE26BC4008D142D /* ItuneSearchDemoUITests */,
				CDE9272D2AE26BC3008D142D /* Products */,
				38A1DFE5EAB69C2E87C092D8 /* Pods */,
				6FB6FEF99F1FE8129BF2F60D /* Frameworks */,
			);
			sourceTree = "<group>";
		};
		CDE9272D2AE26BC3008D142D /* Products */ = {
			isa = PBXGroup;
			children = (
				CDE9272C2AE26BC3008D142D /* ItuneSearchDemo.app */,
				CDE927452AE26BC4008D142D /* ItuneSearchDemoTests.xctest */,
				CDE9274F2AE26BC4008D142D /* ItuneSearchDemoUITests.xctest */,
			);
			name = Products;
			sourceTree = "<group>";
		};
		CDE9272E2AE26BC3008D142D /* ItuneSearchDemo */ = {
			isa = PBXGroup;
			children = (
				CDE9277E2AE29062008D142D /* Extensions */,
				CDE927672AE26C04008D142D /* Others */,
				CDE927662AE26BFC008D142D /* Modules */,
				CDE927652AE26BF1008D142D /* Resources */,
				CDE927642AE26BE8008D142D /* Utilities */,
				CDE927632AE26BE1008D142D /* Services */,
				CDE927622AE26BDA008D142D /* Models */,
				CDE927352AE26BC3008D142D /* Main.storyboard */,
				CDE9273B2AE26BC4008D142D /* Assets.xcassets */,
				CDE927382AE26BC3008D142D /* ItuneSearchDemo.xcdatamodeld */,
				CDE927682AE26EF7008D142D /* RootViewController.swift */,
			);
			path = ItuneSearchDemo;
			sourceTree = "<group>";
		};
		CDE927482AE26BC4008D142D /* ItuneSearchDemoTests */ = {
			isa = PBXGroup;
			children = (
				CDE927492AE26BC4008D142D /* ItuneSearchDemoTests.swift */,
			);
			path = ItuneSearchDemoTests;
			sourceTree = "<group>";
		};
		CDE927522AE26BC4008D142D /* ItuneSearchDemoUITests */ = {
			isa = PBXGroup;
			children = (
				CDE927532AE26BC4008D142D /* ItuneSearchDemoUITests.swift */,
				CDE927552AE26BC4008D142D /* ItuneSearchDemoUITestsLaunchTests.swift */,
			);
			path = ItuneSearchDemoUITests;
			sourceTree = "<group>";
		};
		CDE927622AE26BDA008D142D /* Models */ = {
			isa = PBXGroup;
			children = (
				CDE9277B2AE28CED008D142D /* Track.swift */,
				CDE927852AE292DE008D142D /* APIError.swift */,
				CDA386052AF35DB500CC4A6A /* Country.swift */,
				CDA386072AF35DCA00CC4A6A /* MediaType.swift */,
				CDA3860F2AF8A4B900CC4A6A /* Language.swift */,
			);
			path = Models;
			sourceTree = "<group>";
		};
		CDE927632AE26BE1008D142D /* Services */ = {
			isa = PBXGroup;
			children = (
				CDE927772AE28C42008D142D /* TrackService.swift */,
				CDE927792AE28C4E008D142D /* TrackResponse.swift */,
				CDA3860D2AF61D8C00CC4A6A /* StorageService.swift */,
				CDA3861A2AF8B20200CC4A6A /* LanguageManager.swift */,
			);
			path = Services;
			sourceTree = "<group>";
		};
		CDE927642AE26BE8008D142D /* Utilities */ = {
			isa = PBXGroup;
			children = (
				CDE9276A2AE26F4E008D142D /* Observable.swift */,
			);
			path = Utilities;
			sourceTree = "<group>";
		};
		CDE927652AE26BF1008D142D /* Resources */ = {
			isa = PBXGroup;
			children = (
				CDA386152AF8A8D200CC4A6A /* Localizable.strings */,
			);
			path = Resources;
			sourceTree = "<group>";
		};
		CDE927662AE26BFC008D142D /* Modules */ = {
			isa = PBXGroup;
			children = (
				CDE9276E2AE27BDE008D142D /* SettingModule */,
				CDE9276D2AE27898008D142D /* FavouriteListModule */,
				CDE9276C2AE2788D008D142D /* SearchListModule */,
			);
			path = Modules;
			sourceTree = "<group>";
		};
		CDE927672AE26C04008D142D /* Others */ = {
			isa = PBXGroup;
			children = (
				CDE9272F2AE26BC3008D142D /* AppDelegate.swift */,
				CDE9273D2AE26BC4008D142D /* LaunchScreen.storyboard */,
				CDE927402AE26BC4008D142D /* Info.plist */,
			);
			path = Others;
			sourceTree = "<group>";
		};
		CDE9276C2AE2788D008D142D /* SearchListModule */ = {
			isa = PBXGroup;
			children = (
				CDE927892AE297D9008D142D /* Views */,
				CDE9276F2AE27BF3008D142D /* SearchListViewController.swift */,
				CDE927732AE27F5B008D142D /* SearchListViewModel.swift */,
			);
			path = SearchListModule;
			sourceTree = "<group>";
		};
		CDE9276D2AE27898008D142D /* FavouriteListModule */ = {
			isa = PBXGroup;
			children = (
				CDE927712AE27E82008D142D /* FavouriteListViewController.swift */,
				CDA3860B2AF61CB700CC4A6A /* FavouriteListViewModel.swift */,
			);
			path = FavouriteListModule;
			sourceTree = "<group>";
		};
		CDE9276E2AE27BDE008D142D /* SettingModule */ = {
			isa = PBXGroup;
			children = (
				CDE927752AE284EE008D142D /* SettingViewController.swift */,
			);
			path = SettingModule;
			sourceTree = "<group>";
		};
		CDE9277E2AE29062008D142D /* Extensions */ = {
			isa = PBXGroup;
			children = (
				CDE9277F2AE2906D008D142D /* URLSession+Extensions.swift */,
				CDE927812AE2908A008D142D /* URLSessionDataTask+Extensions.swift */,
				CDE927832AE290C0008D142D /* UITableViewCell+Extensions.swift */,
				CDE927872AE29757008D142D /* UITableView+Extensions.swift */,
				CDA386182AF8A9B000CC4A6A /* String+Extensions.swift */,
			);
			path = Extensions;
			sourceTree = "<group>";
		};
		CDE927892AE297D9008D142D /* Views */ = {
			isa = PBXGroup;
			children = (
				CDE9278A2AE297EB008D142D /* TrackTableViewCell.swift */,
				CDA386092AF4DBC200CC4A6A /* ItemListViewController.swift */,
			);
			path = Views;
			sourceTree = "<group>";
		};
/* End PBXGroup section */

/* Begin PBXNativeTarget section */
		CDE9272B2AE26BC3008D142D /* ItuneSearchDemo */ = {
			isa = PBXNativeTarget;
			buildConfigurationList = CDE927592AE26BC4008D142D /* Build configuration list for PBXNativeTarget "ItuneSearchDemo" */;
			buildPhases = (
				891DEE2FDED2315FE8FA73A2 /* [CP] Check Pods Manifest.lock */,
				CDE927282AE26BC3008D142D /* Sources */,
				CDE927292AE26BC3008D142D /* Frameworks */,
				CDE9272A2AE26BC3008D142D /* Resources */,
				AA309729CC03FB3D307FE6A7 /* [CP] Embed Pods Frameworks */,
			);
			buildRules = (
			);
			dependencies = (
			);
			name = ItuneSearchDemo;
			productName = ItuneSearchDemo;
			productReference = CDE9272C2AE26BC3008D142D /* ItuneSearchDemo.app */;
			productType = "com.apple.product-type.application";
		};
		CDE927442AE26BC4008D142D /* ItuneSearchDemoTests */ = {
			isa = PBXNativeTarget;
			buildConfigurationList = CDE9275C2AE26BC4008D142D /* Build configuration list for PBXNativeTarget "ItuneSearchDemoTests" */;
			buildPhases = (
				96619B62CC966003F19CFF4C /* [CP] Check Pods Manifest.lock */,
				CDE927412AE26BC4008D142D /* Sources */,
				CDE927422AE26BC4008D142D /* Frameworks */,
				CDE927432AE26BC4008D142D /* Resources */,
			);
			buildRules = (
			);
			dependencies = (
				CDE927472AE26BC4008D142D /* PBXTargetDependency */,
			);
			name = ItuneSearchDemoTests;
			productName = ItuneSearchDemoTests;
			productReference = CDE927452AE26BC4008D142D /* ItuneSearchDemoTests.xctest */;
			productType = "com.apple.product-type.bundle.unit-test";
		};
		CDE9274E2AE26BC4008D142D /* ItuneSearchDemoUITests */ = {
			isa = PBXNativeTarget;
			buildConfigurationList = CDE9275F2AE26BC4008D142D /* Build configuration list for PBXNativeTarget "ItuneSearchDemoUITests" */;
			buildPhases = (
				0AC4BD9FACB166C01ECF8A3C /* [CP] Check Pods Manifest.lock */,
				CDE9274B2AE26BC4008D142D /* Sources */,
				CDE9274C2AE26BC4008D142D /* Frameworks */,
				CDE9274D2AE26BC4008D142D /* Resources */,
				BBDE9E6767EF129890BE5945 /* [CP] Embed Pods Frameworks */,
			);
			buildRules = (
			);
			dependencies = (
				CDE927512AE26BC4008D142D /* PBXTargetDependency */,
			);
			name = ItuneSearchDemoUITests;
			productName = ItuneSearchDemoUITests;
			productReference = CDE9274F2AE26BC4008D142D /* ItuneSearchDemoUITests.xctest */;
			productType = "com.apple.product-type.bundle.ui-testing";
		};
/* End PBXNativeTarget section */

/* Begin PBXProject section */
		CDE927242AE26BC3008D142D /* Project object */ = {
			isa = PBXProject;
			attributes = {
				BuildIndependentTargetsInParallel = 1;
				LastSwiftUpdateCheck = 1430;
				LastUpgradeCheck = 1430;
				TargetAttributes = {
					CDE9272B2AE26BC3008D142D = {
						CreatedOnToolsVersion = 14.3;
					};
					CDE927442AE26BC4008D142D = {
						CreatedOnToolsVersion = 14.3;
						TestTargetID = CDE9272B2AE26BC3008D142D;
					};
					CDE9274E2AE26BC4008D142D = {
						CreatedOnToolsVersion = 14.3;
						TestTargetID = CDE9272B2AE26BC3008D142D;
					};
				};
			};
			buildConfigurationList = CDE927272AE26BC3008D142D /* Build configuration list for PBXProject "ItuneSearchDemo" */;
			compatibilityVersion = "Xcode 13.0";
			developmentRegion = en;
			hasScannedForEncodings = 0;
			knownRegions = (
				en,
				Base,
				"zh-Hant",
				"zh-Hans",
			);
			mainGroup = CDE927232AE26BC3008D142D;
			productRefGroup = CDE9272D2AE26BC3008D142D /* Products */;
			projectDirPath = "";
			projectRoot = "";
			targets = (
				CDE9272B2AE26BC3008D142D /* ItuneSearchDemo */,
				CDE927442AE26BC4008D142D /* ItuneSearchDemoTests */,
				CDE9274E2AE26BC4008D142D /* ItuneSearchDemoUITests */,
			);
		};
/* End PBXProject section */

/* Begin PBXResourcesBuildPhase section */
		CDE9272A2AE26BC3008D142D /* Resources */ = {
			isa = PBXResourcesBuildPhase;
			buildActionMask = 2147483647;
			files = (
				CDE9273F2AE26BC4008D142D /* LaunchScreen.storyboard in Resources */,
				CDA386132AF8A8D200CC4A6A /* Localizable.strings in Resources */,
				CDE9273C2AE26BC4008D142D /* Assets.xcassets in Resources */,
				CDE927372AE26BC3008D142D /* Main.storyboard in Resources */,
			);
			runOnlyForDeploymentPostprocessing = 0;
		};
		CDE927432AE26BC4008D142D /* Resources */ = {
			isa = PBXResourcesBuildPhase;
			buildActionMask = 2147483647;
			files = (
			);
			runOnlyForDeploymentPostprocessing = 0;
		};
		CDE9274D2AE26BC4008D142D /* Resources */ = {
			isa = PBXResourcesBuildPhase;
			buildActionMask = 2147483647;
			files = (
			);
			runOnlyForDeploymentPostprocessing = 0;
		};
/* End PBXResourcesBuildPhase section */

/* Begin PBXShellScriptBuildPhase section */
		0AC4BD9FACB166C01ECF8A3C /* [CP] Check Pods Manifest.lock */ = {
			isa = PBXShellScriptBuildPhase;
			buildActionMask = 2147483647;
			files = (
			);
			inputFileListPaths = (
			);
			inputPaths = (
				"${PODS_PODFILE_DIR_PATH}/Podfile.lock",
				"${PODS_ROOT}/Manifest.lock",
			);
			name = "[CP] Check Pods Manifest.lock";
			outputFileListPaths = (
			);
			outputPaths = (
				"$(DERIVED_FILE_DIR)/Pods-ItuneSearchDemo-ItuneSearchDemoUITests-checkManifestLockResult.txt",
			);
			runOnlyForDeploymentPostprocessing = 0;
			shellPath = /bin/sh;
			shellScript = "diff \"${PODS_PODFILE_DIR_PATH}/Podfile.lock\" \"${PODS_ROOT}/Manifest.lock\" > /dev/null\nif [ $? != 0 ] ; then\n    # print error to STDERR\n    echo \"error: The sandbox is not in sync with the Podfile.lock. Run 'pod install' or update your CocoaPods installation.\" >&2\n    exit 1\nfi\n# This output is used by Xcode 'outputs' to avoid re-running this script phase.\necho \"SUCCESS\" > \"${SCRIPT_OUTPUT_FILE_0}\"\n";
			showEnvVarsInLog = 0;
		};
		891DEE2FDED2315FE8FA73A2 /* [CP] Check Pods Manifest.lock */ = {
			isa = PBXShellScriptBuildPhase;
			buildActionMask = 2147483647;
			files = (
			);
			inputFileListPaths = (
			);
			inputPaths = (
				"${PODS_PODFILE_DIR_PATH}/Podfile.lock",
				"${PODS_ROOT}/Manifest.lock",
			);
			name = "[CP] Check Pods Manifest.lock";
			outputFileListPaths = (
			);
			outputPaths = (
				"$(DERIVED_FILE_DIR)/Pods-ItuneSearchDemo-checkManifestLockResult.txt",
			);
			runOnlyForDeploymentPostprocessing = 0;
			shellPath = /bin/sh;
			shellScript = "diff \"${PODS_PODFILE_DIR_PATH}/Podfile.lock\" \"${PODS_ROOT}/Manifest.lock\" > /dev/null\nif [ $? != 0 ] ; then\n    # print error to STDERR\n    echo \"error: The sandbox is not in sync with the Podfile.lock. Run 'pod install' or update your CocoaPods installation.\" >&2\n    exit 1\nfi\n# This output is used by Xcode 'outputs' to avoid re-running this script phase.\necho \"SUCCESS\" > \"${SCRIPT_OUTPUT_FILE_0}\"\n";
			showEnvVarsInLog = 0;
		};
		96619B62CC966003F19CFF4C /* [CP] Check Pods Manifest.lock */ = {
			isa = PBXShellScriptBuildPhase;
			buildActionMask = 2147483647;
			files = (
			);
			inputFileListPaths = (
			);
			inputPaths = (
				"${PODS_PODFILE_DIR_PATH}/Podfile.lock",
				"${PODS_ROOT}/Manifest.lock",
			);
			name = "[CP] Check Pods Manifest.lock";
			outputFileListPaths = (
			);
			outputPaths = (
				"$(DERIVED_FILE_DIR)/Pods-ItuneSearchDemoTests-checkManifestLockResult.txt",
			);
			runOnlyForDeploymentPostprocessing = 0;
			shellPath = /bin/sh;
			shellScript = "diff \"${PODS_PODFILE_DIR_PATH}/Podfile.lock\" \"${PODS_ROOT}/Manifest.lock\" > /dev/null\nif [ $? != 0 ] ; then\n    # print error to STDERR\n    echo \"error: The sandbox is not in sync with the Podfile.lock. Run 'pod install' or update your CocoaPods installation.\" >&2\n    exit 1\nfi\n# This output is used by Xcode 'outputs' to avoid re-running this script phase.\necho \"SUCCESS\" > \"${SCRIPT_OUTPUT_FILE_0}\"\n";
			showEnvVarsInLog = 0;
		};
		AA309729CC03FB3D307FE6A7 /* [CP] Embed Pods Frameworks */ = {
			isa = PBXShellScriptBuildPhase;
			buildActionMask = 2147483647;
			files = (
			);
			inputFileListPaths = (
				"${PODS_ROOT}/Target Support Files/Pods-ItuneSearchDemo/Pods-ItuneSearchDemo-frameworks-${CONFIGURATION}-input-files.xcfilelist",
			);
			name = "[CP] Embed Pods Frameworks";
			outputFileListPaths = (
				"${PODS_ROOT}/Target Support Files/Pods-ItuneSearchDemo/Pods-ItuneSearchDemo-frameworks-${CONFIGURATION}-output-files.xcfilelist",
			);
			runOnlyForDeploymentPostprocessing = 0;
			shellPath = /bin/sh;
			shellScript = "\"${PODS_ROOT}/Target Support Files/Pods-ItuneSearchDemo/Pods-ItuneSearchDemo-frameworks.sh\"\n";
			showEnvVarsInLog = 0;
		};
		BBDE9E6767EF129890BE5945 /* [CP] Embed Pods Frameworks */ = {
			isa = PBXShellScriptBuildPhase;
			buildActionMask = 2147483647;
			files = (
			);
			inputFileListPaths = (
				"${PODS_ROOT}/Target Support Files/Pods-ItuneSearchDemo-ItuneSearchDemoUITests/Pods-ItuneSearchDemo-ItuneSearchDemoUITests-frameworks-${CONFIGURATION}-input-files.xcfilelist",
			);
			name = "[CP] Embed Pods Frameworks";
			outputFileListPaths = (
				"${PODS_ROOT}/Target Support Files/Pods-ItuneSearchDemo-ItuneSearchDemoUITests/Pods-ItuneSearchDemo-ItuneSearchDemoUITests-frameworks-${CONFIGURATION}-output-files.xcfilelist",
			);
			runOnlyForDeploymentPostprocessing = 0;
			shellPath = /bin/sh;
			shellScript = "\"${PODS_ROOT}/Target Support Files/Pods-ItuneSearchDemo-ItuneSearchDemoUITests/Pods-ItuneSearchDemo-ItuneSearchDemoUITests-frameworks.sh\"\n";
			showEnvVarsInLog = 0;
		};
/* End PBXShellScriptBuildPhase section */

/* Begin PBXSourcesBuildPhase section */
		CDE927282AE26BC3008D142D /* Sources */ = {
			isa = PBXSourcesBuildPhase;
			buildActionMask = 2147483647;
			files = (
				CDE927722AE27E82008D142D /* FavouriteListViewController.swift in Sources */,
				CDA3860A2AF4DBC200CC4A6A /* ItemListViewController.swift in Sources */,
				CDE9277C2AE28CED008D142D /* Track.swift in Sources */,
				CDA3861B2AF8B20200CC4A6A /* LanguageManager.swift in Sources */,
				CDE927692AE26EF7008D142D /* RootViewController.swift in Sources */,
				CDA386192AF8A9B000CC4A6A /* String+Extensions.swift in Sources */,
				CDE927882AE29757008D142D /* UITableView+Extensions.swift in Sources */,
				CDE9273A2AE26BC3008D142D /* ItuneSearchDemo.xcdatamodeld in Sources */,
				CDA3860C2AF61CB700CC4A6A /* FavouriteListViewModel.swift in Sources */,
				CDE927842AE290C0008D142D /* UITableViewCell+Extensions.swift in Sources */,
				CDE927782AE28C42008D142D /* TrackService.swift in Sources */,
				CDA3860E2AF61D8C00CC4A6A /* StorageService.swift in Sources */,
				CDE927762AE284EE008D142D /* SettingViewController.swift in Sources */,
				CDE927742AE27F5B008D142D /* SearchListViewModel.swift in Sources */,
				CDE927862AE292DE008D142D /* APIError.swift in Sources */,
				CDA386062AF35DB500CC4A6A /* Country.swift in Sources */,
				CDA386082AF35DCA00CC4A6A /* MediaType.swift in Sources */,
				CDE927702AE27BF3008D142D /* SearchListViewController.swift in Sources */,
				CDE927802AE2906D008D142D /* URLSession+Extensions.swift in Sources */,
				CDE927822AE2908A008D142D /* URLSessionDataTask+Extensions.swift in Sources */,
				CDE927302AE26BC3008D142D /* AppDelegate.swift in Sources */,
				CDE9278B2AE297EB008D142D /* TrackTableViewCell.swift in Sources */,
				CDE9277A2AE28C4E008D142D /* TrackResponse.swift in Sources */,
				CDA386102AF8A4B900CC4A6A /* Language.swift in Sources */,
				CDE9276B2AE26F4E008D142D /* Observable.swift in Sources */,
			);
			runOnlyForDeploymentPostprocessing = 0;
		};
		CDE927412AE26BC4008D142D /* Sources */ = {
			isa = PBXSourcesBuildPhase;
			buildActionMask = 2147483647;
			files = (
				CDE9274A2AE26BC4008D142D /* ItuneSearchDemoTests.swift in Sources */,
			);
			runOnlyForDeploymentPostprocessing = 0;
		};
		CDE9274B2AE26BC4008D142D /* Sources */ = {
			isa = PBXSourcesBuildPhase;
			buildActionMask = 2147483647;
			files = (
				CDE927542AE26BC4008D142D /* ItuneSearchDemoUITests.swift in Sources */,
				CDE927562AE26BC4008D142D /* ItuneSearchDemoUITestsLaunchTests.swift in Sources */,
			);
			runOnlyForDeploymentPostprocessing = 0;
		};
/* End PBXSourcesBuildPhase section */

/* Begin PBXTargetDependency section */
		CDE927472AE26BC4008D142D /* PBXTargetDependency */ = {
			isa = PBXTargetDependency;
			target = CDE9272B2AE26BC3008D142D /* ItuneSearchDemo */;
			targetProxy = CDE927462AE26BC4008D142D /* PBXContainerItemProxy */;
		};
		CDE927512AE26BC4008D142D /* PBXTargetDependency */ = {
			isa = PBXTargetDependency;
			target = CDE9272B2AE26BC3008D142D /* ItuneSearchDemo */;
			targetProxy = CDE927502AE26BC4008D142D /* PBXContainerItemProxy */;
		};
/* End PBXTargetDependency section */

/* Begin PBXVariantGroup section */
		CDA386152AF8A8D200CC4A6A /* Localizable.strings */ = {
			isa = PBXVariantGroup;
			children = (
				CDA386142AF8A8D200CC4A6A /* en */,
				CDA386162AF8A90500CC4A6A /* zh-Hant */,
				CDA386172AF8A90E00CC4A6A /* zh-Hans */,
			);
			name = Localizable.strings;
			path = ItuneSearchDemo/Models;
			sourceTree = SOURCE_ROOT;
		};
		CDE927352AE26BC3008D142D /* Main.storyboard */ = {
			isa = PBXVariantGroup;
			children = (
				CDE927362AE26BC3008D142D /* Base */,
			);
			name = Main.storyboard;
			sourceTree = "<group>";
		};
		CDE9273D2AE26BC4008D142D /* LaunchScreen.storyboard */ = {
			isa = PBXVariantGroup;
			children = (
				CDE9273E2AE26BC4008D142D /* Base */,
			);
			name = LaunchScreen.storyboard;
			sourceTree = "<group>";
		};
/* End PBXVariantGroup section */

/* Begin XCBuildConfiguration section */
		CDE927572AE26BC4008D142D /* Debug */ = {
			isa = XCBuildConfiguration;
			buildSettings = {
				ALWAYS_SEARCH_USER_PATHS = NO;
				CLANG_ANALYZER_LOCALIZABILITY_NONLOCALIZED = YES;
				CLANG_ANALYZER_NONNULL = YES;
				CLANG_ANALYZER_NUMBER_OBJECT_CONVERSION = YES_AGGRESSIVE;
				CLANG_CXX_LANGUAGE_STANDARD = "gnu++20";
				CLANG_ENABLE_MODULES = YES;
				CLANG_ENABLE_OBJC_ARC = YES;
				CLANG_ENABLE_OBJC_WEAK = YES;
				CLANG_WARN_BLOCK_CAPTURE_AUTORELEASING = YES;
				CLANG_WARN_BOOL_CONVERSION = YES;
				CLANG_WARN_COMMA = YES;
				CLANG_WARN_CONSTANT_CONVERSION = YES;
				CLANG_WARN_DEPRECATED_OBJC_IMPLEMENTATIONS = YES;
				CLANG_WARN_DIRECT_OBJC_ISA_USAGE = YES_ERROR;
				CLANG_WARN_DOCUMENTATION_COMMENTS = YES;
				CLANG_WARN_EMPTY_BODY = YES;
				CLANG_WARN_ENUM_CONVERSION = YES;
				CLANG_WARN_INFINITE_RECURSION = YES;
				CLANG_WARN_INT_CONVERSION = YES;
				CLANG_WARN_NON_LITERAL_NULL_CONVERSION = YES;
				CLANG_WARN_OBJC_IMPLICIT_RETAIN_SELF = YES;
				CLANG_WARN_OBJC_LITERAL_CONVERSION = YES;
				CLANG_WARN_OBJC_ROOT_CLASS = YES_ERROR;
				CLANG_WARN_QUOTED_INCLUDE_IN_FRAMEWORK_HEADER = YES;
				CLANG_WARN_RANGE_LOOP_ANALYSIS = YES;
				CLANG_WARN_STRICT_PROTOTYPES = YES;
				CLANG_WARN_SUSPICIOUS_MOVE = YES;
				CLANG_WARN_UNGUARDED_AVAILABILITY = YES_AGGRESSIVE;
				CLANG_WARN_UNREACHABLE_CODE = YES;
				CLANG_WARN__DUPLICATE_METHOD_MATCH = YES;
				COPY_PHASE_STRIP = NO;
				DEBUG_INFORMATION_FORMAT = dwarf;
				ENABLE_STRICT_OBJC_MSGSEND = YES;
				ENABLE_TESTABILITY = YES;
				GCC_C_LANGUAGE_STANDARD = gnu11;
				GCC_DYNAMIC_NO_PIC = NO;
				GCC_NO_COMMON_BLOCKS = YES;
				GCC_OPTIMIZATION_LEVEL = 0;
				GCC_PREPROCESSOR_DEFINITIONS = (
					"DEBUG=1",
					"$(inherited)",
				);
				GCC_WARN_64_TO_32_BIT_CONVERSION = YES;
				GCC_WARN_ABOUT_RETURN_TYPE = YES_ERROR;
				GCC_WARN_UNDECLARED_SELECTOR = YES;
				GCC_WARN_UNINITIALIZED_AUTOS = YES_AGGRESSIVE;
				GCC_WARN_UNUSED_FUNCTION = YES;
				GCC_WARN_UNUSED_VARIABLE = YES;
				IPHONEOS_DEPLOYMENT_TARGET = 12.0;
				MTL_ENABLE_DEBUG_INFO = INCLUDE_SOURCE;
				MTL_FAST_MATH = YES;
				ONLY_ACTIVE_ARCH = YES;
				SDKROOT = iphoneos;
				SWIFT_ACTIVE_COMPILATION_CONDITIONS = DEBUG;
				SWIFT_OPTIMIZATION_LEVEL = "-Onone";
			};
			name = Debug;
		};
		CDE927582AE26BC4008D142D /* Release */ = {
			isa = XCBuildConfiguration;
			buildSettings = {
				ALWAYS_SEARCH_USER_PATHS = NO;
				CLANG_ANALYZER_LOCALIZABILITY_NONLOCALIZED = YES;
				CLANG_ANALYZER_NONNULL = YES;
				CLANG_ANALYZER_NUMBER_OBJECT_CONVERSION = YES_AGGRESSIVE;
				CLANG_CXX_LANGUAGE_STANDARD = "gnu++20";
				CLANG_ENABLE_MODULES = YES;
				CLANG_ENABLE_OBJC_ARC = YES;
				CLANG_ENABLE_OBJC_WEAK = YES;
				CLANG_WARN_BLOCK_CAPTURE_AUTORELEASING = YES;
				CLANG_WARN_BOOL_CONVERSION = YES;
				CLANG_WARN_COMMA = YES;
				CLANG_WARN_CONSTANT_CONVERSION = YES;
				CLANG_WARN_DEPRECATED_OBJC_IMPLEMENTATIONS = YES;
				CLANG_WARN_DIRECT_OBJC_ISA_USAGE = YES_ERROR;
				CLANG_WARN_DOCUMENTATION_COMMENTS = YES;
				CLANG_WARN_EMPTY_BODY = YES;
				CLANG_WARN_ENUM_CONVERSION = YES;
				CLANG_WARN_INFINITE_RECURSION = YES;
				CLANG_WARN_INT_CONVERSION = YES;
				CLANG_WARN_NON_LITERAL_NULL_CONVERSION = YES;
				CLANG_WARN_OBJC_IMPLICIT_RETAIN_SELF = YES;
				CLANG_WARN_OBJC_LITERAL_CONVERSION = YES;
				CLANG_WARN_OBJC_ROOT_CLASS = YES_ERROR;
				CLANG_WARN_QUOTED_INCLUDE_IN_FRAMEWORK_HEADER = YES;
				CLANG_WARN_RANGE_LOOP_ANALYSIS = YES;
				CLANG_WARN_STRICT_PROTOTYPES = YES;
				CLANG_WARN_SUSPICIOUS_MOVE = YES;
				CLANG_WARN_UNGUARDED_AVAILABILITY = YES_AGGRESSIVE;
				CLANG_WARN_UNREACHABLE_CODE = YES;
				CLANG_WARN__DUPLICATE_METHOD_MATCH = YES;
				COPY_PHASE_STRIP = NO;
				DEBUG_INFORMATION_FORMAT = "dwarf-with-dsym";
				ENABLE_NS_ASSERTIONS = NO;
				ENABLE_STRICT_OBJC_MSGSEND = YES;
				GCC_C_LANGUAGE_STANDARD = gnu11;
				GCC_NO_COMMON_BLOCKS = YES;
				GCC_WARN_64_TO_32_BIT_CONVERSION = YES;
				GCC_WARN_ABOUT_RETURN_TYPE = YES_ERROR;
				GCC_WARN_UNDECLARED_SELECTOR = YES;
				GCC_WARN_UNINITIALIZED_AUTOS = YES_AGGRESSIVE;
				GCC_WARN_UNUSED_FUNCTION = YES;
				GCC_WARN_UNUSED_VARIABLE = YES;
				IPHONEOS_DEPLOYMENT_TARGET = 12.0;
				MTL_ENABLE_DEBUG_INFO = NO;
				MTL_FAST_MATH = YES;
				SDKROOT = iphoneos;
				SWIFT_COMPILATION_MODE = wholemodule;
				SWIFT_OPTIMIZATION_LEVEL = "-O";
				VALIDATE_PRODUCT = YES;
			};
			name = Release;
		};
		CDE9275A2AE26BC4008D142D /* Debug */ = {
			isa = XCBuildConfiguration;
			baseConfigurationReference = EBF82AB89545DC9FF866EBC5 /* Pods-ItuneSearchDemo.debug.xcconfig */;
			buildSettings = {
				ASSETCATALOG_COMPILER_APPICON_NAME = AppIcon;
				ASSETCATALOG_COMPILER_GLOBAL_ACCENT_COLOR_NAME = AccentColor;
				CODE_SIGN_STYLE = Automatic;
				CURRENT_PROJECT_VERSION = 1;
				DEVELOPMENT_TEAM = 3AX7MU58R8;
				GENERATE_INFOPLIST_FILE = YES;
				INFOPLIST_FILE = ItuneSearchDemo/Others/Info.plist;
				INFOPLIST_KEY_UIApplicationSupportsIndirectInputEvents = YES;
				INFOPLIST_KEY_UILaunchStoryboardName = LaunchScreen;
				INFOPLIST_KEY_UIMainStoryboardFile = Main;
				INFOPLIST_KEY_UISupportedInterfaceOrientations_iPad = "UIInterfaceOrientationPortrait UIInterfaceOrientationPortraitUpsideDown UIInterfaceOrientationLandscapeLeft UIInterfaceOrientationLandscapeRight";
				INFOPLIST_KEY_UISupportedInterfaceOrientations_iPhone = "UIInterfaceOrientationPortrait UIInterfaceOrientationLandscapeLeft UIInterfaceOrientationLandscapeRight";
				IPHONEOS_DEPLOYMENT_TARGET = 12.0;
				LD_RUNPATH_SEARCH_PATHS = (
					"$(inherited)",
					"@executable_path/Frameworks",
				);
				MARKETING_VERSION = 1.0;
				PRODUCT_BUNDLE_IDENTIFIER = gmail.patrickpaky.ItuneSearchDemo;
				PRODUCT_NAME = "$(TARGET_NAME)";
				SWIFT_EMIT_LOC_STRINGS = YES;
				SWIFT_VERSION = 5.0;
				TARGETED_DEVICE_FAMILY = "1,2";
			};
			name = Debug;
		};
		CDE9275B2AE26BC4008D142D /* Release */ = {
			isa = XCBuildConfiguration;
			baseConfigurationReference = 780E974C7F9347C09829A258 /* Pods-ItuneSearchDemo.release.xcconfig */;
			buildSettings = {
				ASSETCATALOG_COMPILER_APPICON_NAME = AppIcon;
				ASSETCATALOG_COMPILER_GLOBAL_ACCENT_COLOR_NAME = AccentColor;
				CODE_SIGN_STYLE = Automatic;
				CURRENT_PROJECT_VERSION = 1;
				DEVELOPMENT_TEAM = 3AX7MU58R8;
				GENERATE_INFOPLIST_FILE = YES;
				INFOPLIST_FILE = ItuneSearchDemo/Others/Info.plist;
				INFOPLIST_KEY_UIApplicationSupportsIndirectInputEvents = YES;
				INFOPLIST_KEY_UILaunchStoryboardName = LaunchScreen;
				INFOPLIST_KEY_UIMainStoryboardFile = Main;
				INFOPLIST_KEY_UISupportedInterfaceOrientations_iPad = "UIInterfaceOrientationPortrait UIInterfaceOrientationPortraitUpsideDown UIInterfaceOrientationLandscapeLeft UIInterfaceOrientationLandscapeRight";
				INFOPLIST_KEY_UISupportedInterfaceOrientations_iPhone = "UIInterfaceOrientationPortrait UIInterfaceOrientationLandscapeLeft UIInterfaceOrientationLandscapeRight";
				IPHONEOS_DEPLOYMENT_TARGET = 12.0;
				LD_RUNPATH_SEARCH_PATHS = (
					"$(inherited)",
					"@executable_path/Frameworks",
				);
				MARKETING_VERSION = 1.0;
				PRODUCT_BUNDLE_IDENTIFIER = gmail.patrickpaky.ItuneSearchDemo;
				PRODUCT_NAME = "$(TARGET_NAME)";
				SWIFT_EMIT_LOC_STRINGS = YES;
				SWIFT_VERSION = 5.0;
				TARGETED_DEVICE_FAMILY = "1,2";
			};
			name = Release;
		};
		CDE9275D2AE26BC4008D142D /* Debug */ = {
			isa = XCBuildConfiguration;
			baseConfigurationReference = 98F247793A65CB8F8FC54D6F /* Pods-ItuneSearchDemoTests.debug.xcconfig */;
			buildSettings = {
				ALWAYS_EMBED_SWIFT_STANDARD_LIBRARIES = YES;
				BUNDLE_LOADER = "$(TEST_HOST)";
				CODE_SIGN_STYLE = Automatic;
				CURRENT_PROJECT_VERSION = 1;
				DEVELOPMENT_TEAM = 3AX7MU58R8;
				GENERATE_INFOPLIST_FILE = YES;
				IPHONEOS_DEPLOYMENT_TARGET = 12.0;
				MARKETING_VERSION = 1.0;
				PRODUCT_BUNDLE_IDENTIFIER = gmail.patrickpaky.ItuneSearchDemoTests;
				PRODUCT_NAME = "$(TARGET_NAME)";
				SWIFT_EMIT_LOC_STRINGS = NO;
				SWIFT_VERSION = 5.0;
				TARGETED_DEVICE_FAMILY = "1,2";
				TEST_HOST = "$(BUILT_PRODUCTS_DIR)/ItuneSearchDemo.app/$(BUNDLE_EXECUTABLE_FOLDER_PATH)/ItuneSearchDemo";
			};
			name = Debug;
		};
		CDE9275E2AE26BC4008D142D /* Release */ = {
			isa = XCBuildConfiguration;
			baseConfigurationReference = A82BE30328A1AB9F282B0D38 /* Pods-ItuneSearchDemoTests.release.xcconfig */;
			buildSettings = {
				ALWAYS_EMBED_SWIFT_STANDARD_LIBRARIES = YES;
				BUNDLE_LOADER = "$(TEST_HOST)";
				CODE_SIGN_STYLE = Automatic;
				CURRENT_PROJECT_VERSION = 1;
				DEVELOPMENT_TEAM = 3AX7MU58R8;
				GENERATE_INFOPLIST_FILE = YES;
				IPHONEOS_DEPLOYMENT_TARGET = 12.0;
				MARKETING_VERSION = 1.0;
				PRODUCT_BUNDLE_IDENTIFIER = gmail.patrickpaky.ItuneSearchDemoTests;
				PRODUCT_NAME = "$(TARGET_NAME)";
				SWIFT_EMIT_LOC_STRINGS = NO;
				SWIFT_VERSION = 5.0;
				TARGETED_DEVICE_FAMILY = "1,2";
				TEST_HOST = "$(BUILT_PRODUCTS_DIR)/ItuneSearchDemo.app/$(BUNDLE_EXECUTABLE_FOLDER_PATH)/ItuneSearchDemo";
			};
			name = Release;
		};
		CDE927602AE26BC4008D142D /* Debug */ = {
			isa = XCBuildConfiguration;
			baseConfigurationReference = 7E7D9662F23B406134641347 /* Pods-ItuneSearchDemo-ItuneSearchDemoUITests.debug.xcconfig */;
			buildSettings = {
				ALWAYS_EMBED_SWIFT_STANDARD_LIBRARIES = YES;
				CODE_SIGN_STYLE = Automatic;
				CURRENT_PROJECT_VERSION = 1;
				DEVELOPMENT_TEAM = 3AX7MU58R8;
				GENERATE_INFOPLIST_FILE = YES;
				MARKETING_VERSION = 1.0;
				PRODUCT_BUNDLE_IDENTIFIER = gmail.patrickpaky.ItuneSearchDemoUITests;
				PRODUCT_NAME = "$(TARGET_NAME)";
				SWIFT_EMIT_LOC_STRINGS = NO;
				SWIFT_VERSION = 5.0;
				TARGETED_DEVICE_FAMILY = "1,2";
				TEST_TARGET_NAME = ItuneSearchDemo;
			};
			name = Debug;
		};
		CDE927612AE26BC4008D142D /* Release */ = {
			isa = XCBuildConfiguration;
			baseConfigurationReference = 9099766EE6E79ACE223C35F6 /* Pods-ItuneSearchDemo-ItuneSearchDemoUITests.release.xcconfig */;
			buildSettings = {
				ALWAYS_EMBED_SWIFT_STANDARD_LIBRARIES = YES;
				CODE_SIGN_STYLE = Automatic;
				CURRENT_PROJECT_VERSION = 1;
				DEVELOPMENT_TEAM = 3AX7MU58R8;
				GENERATE_INFOPLIST_FILE = YES;
				MARKETING_VERSION = 1.0;
				PRODUCT_BUNDLE_IDENTIFIER = gmail.patrickpaky.ItuneSearchDemoUITests;
				PRODUCT_NAME = "$(TARGET_NAME)";
				SWIFT_EMIT_LOC_STRINGS = NO;
				SWIFT_VERSION = 5.0;
				TARGETED_DEVICE_FAMILY = "1,2";
				TEST_TARGET_NAME = ItuneSearchDemo;
			};
			name = Release;
		};
/* End XCBuildConfiguration section */

/* Begin XCConfigurationList section */
		CDE927272AE26BC3008D142D /* Build configuration list for PBXProject "ItuneSearchDemo" */ = {
			isa = XCConfigurationList;
			buildConfigurations = (
				CDE927572AE26BC4008D142D /* Debug */,
				CDE927582AE26BC4008D142D /* Release */,
			);
			defaultConfigurationIsVisible = 0;
			defaultConfigurationName = Release;
		};
		CDE927592AE26BC4008D142D /* Build configuration list for PBXNativeTarget "ItuneSearchDemo" */ = {
			isa = XCConfigurationList;
			buildConfigurations = (
				CDE9275A2AE26BC4008D142D /* Debug */,
				CDE9275B2AE26BC4008D142D /* Release */,
			);
			defaultConfigurationIsVisible = 0;
			defaultConfigurationName = Release;
		};
		CDE9275C2AE26BC4008D142D /* Build configuration list for PBXNativeTarget "ItuneSearchDemoTests" */ = {
			isa = XCConfigurationList;
			buildConfigurations = (
				CDE9275D2AE26BC4008D142D /* Debug */,
				CDE9275E2AE26BC4008D142D /* Release */,
			);
			defaultConfigurationIsVisible = 0;
			defaultConfigurationName = Release;
		};
		CDE9275F2AE26BC4008D142D /* Build configuration list for PBXNativeTarget "ItuneSearchDemoUITests" */ = {
			isa = XCConfigurationList;
			buildConfigurations = (
				CDE927602AE26BC4008D142D /* Debug */,
				CDE927612AE26BC4008D142D /* Release */,
			);
			defaultConfigurationIsVisible = 0;
			defaultConfigurationName = Release;
		};
/* End XCConfigurationList section */

/* Begin XCVersionGroup section */
		CDE927382AE26BC3008D142D /* ItuneSearchDemo.xcdatamodeld */ = {
			isa = XCVersionGroup;
			children = (
				CDE927392AE26BC3008D142D /* ItuneSearchDemo.xcdatamodel */,
			);
			currentVersion = CDE927392AE26BC3008D142D /* ItuneSearchDemo.xcdatamodel */;
			path = ItuneSearchDemo.xcdatamodeld;
			sourceTree = "<group>";
			versionGroupType = wrapper.xcdatamodel;
		};
/* End XCVersionGroup section */
	};
	rootObject = CDE927242AE26BC3008D142D /* Project object */;
}
